
Microsoft Visual Studio Solution File, Format Version 12.00
# Visual Studio Version 16
VisualStudioVersion = 16.0.29521.150
MinimumVisualStudioVersion = 10.0.40219.1
Project("{FAE04EC0-301F-11D3-BF4B-00C04F79EFBC}") = "RMP", "RMP\RMP.csproj", "{BA6AD1B0-6016-4E67-955C-0725F6D03C2A}"
EndProject
Global
	GlobalSection(SolutionConfigurationPlatforms) = preSolution
		Debug|Any CPU = Debug|Any CPU
		Release|Any CPU = Release|Any CPU
	EndGlobalSection
	GlobalSection(ProjectConfigurationPlatforms) = postSolution
		{BA6AD1B0-6016-4E67-955C-0725F6D03C2A}.Debug|Any CPU.ActiveCfg = Debug|Any CPU
		{BA6AD1B0-6016-4E67-955C-0725F6D03C2A}.Debug|Any CPU.Build.0 = Debug|Any CPU
		{BA6AD1B0-6016-4E67-955C-0725F6D03C2A}.Release|Any CPU.ActiveCfg = Release|Any CPU
		{BA6AD1B0-6016-4E67-955C-0725F6D03C2A}.Release|Any CPU.Build.0 = Release|Any CPU
	EndGlobalSection
	GlobalSection(SolutionProperties) = preSolution
		HideSolutionNode = FALSE
	EndGlobalSection
	GlobalSection(ExtensibilityGlobals) = postSolution
		SolutionGuid = {7CDC5F1F-6D16-403C-9969-425C9E478E95}
	EndGlobalSection
EndGlobal
