
Microsoft Visual Studio Solution File, Format Version 12.00
# Visual Studio Version 16
VisualStudioVersion = 16.0.29521.150
MinimumVisualStudioVersion = 10.0.40219.1
Project("{FAE04EC0-301F-11D3-BF4B-00C04F79EFBC}") = "RMP", "RMP\RMP.csproj", "{BA6AD1B0-6016-4E67-955C-0725F6D03C2A}"
EndProject
Project("{2150E333-8FDC-42A3-9474-1A3956D46DE8}") = "Solution Items", "Solution Items", "{23C865B1-021D-4BC6-98D6-E92987C3A4C9}"
	ProjectSection(SolutionItems) = preProject
		.gitignore = .gitignore
		README.md = README.md
	EndProjectSection
EndProject
Project("{2150E333-8FDC-42A3-9474-1A3956D46DE8}") = "docs", "docs", "{9039F1E4-7344-43F5-B3C7-EE476CC8760A}"
	ProjectSection(SolutionItems) = preProject
		Cutscene.md = Cutscene.md
	EndProjectSection
EndProject
Global
	GlobalSection(SolutionConfigurationPlatforms) = preSolution
		Debug|Any CPU = Debug|Any CPU
		Release|Any CPU = Release|Any CPU
	EndGlobalSection
	GlobalSection(ProjectConfigurationPlatforms) = postSolution
		{BA6AD1B0-6016-4E67-955C-0725F6D03C2A}.Debug|Any CPU.ActiveCfg = Debug|Any CPU
		{BA6AD1B0-6016-4E67-955C-0725F6D03C2A}.Debug|Any CPU.Build.0 = Debug|Any CPU
		{BA6AD1B0-6016-4E67-955C-0725F6D03C2A}.Release|Any CPU.ActiveCfg = Release|Any CPU
		{BA6AD1B0-6016-4E67-955C-0725F6D03C2A}.Release|Any CPU.Build.0 = Release|Any CPU
	EndGlobalSection
	GlobalSection(SolutionProperties) = preSolution
		HideSolutionNode = FALSE
	EndGlobalSection
	GlobalSection(NestedProjects) = preSolution
		{9039F1E4-7344-43F5-B3C7-EE476CC8760A} = {23C865B1-021D-4BC6-98D6-E92987C3A4C9}
	EndGlobalSection
	GlobalSection(ExtensibilityGlobals) = postSolution
		SolutionGuid = {7CDC5F1F-6D16-403C-9969-425C9E478E95}
	EndGlobalSection
EndGlobal
